
Microsoft Visual Studio Solution File, Format Version 12.00
# Visual Studio 15
VisualStudioVersion = 15.0.28307.489
MinimumVisualStudioVersion = 10.0.40219.1
Project("{FAE04EC0-301F-11D3-BF4B-00C04F79EFBC}") = "TicTacToe", "TicTacToe\TicTacToe.csproj", "{A7A81F5D-9A4B-4B08-A16D-6D661C446016}"
EndProject
Project("{FAE04EC0-301F-11D3-BF4B-00C04F79EFBC}") = "TicTacToe_TDD", "TicTacToe_TDD\TicTacToe_TDD.csproj", "{EF6457DC-7AB5-4D44-AEAE-B9FD10146E97}"
EndProject
Global
	GlobalSection(SolutionConfigurationPlatforms) = preSolution
		Debug|Any CPU = Debug|Any CPU
		Release|Any CPU = Release|Any CPU
	EndGlobalSection
	GlobalSection(ProjectConfigurationPlatforms) = postSolution
		{A7A81F5D-9A4B-4B08-A16D-6D661C446016}.Debug|Any CPU.ActiveCfg = Debug|Any CPU
		{A7A81F5D-9A4B-4B08-A16D-6D661C446016}.Debug|Any CPU.Build.0 = Debug|Any CPU
		{A7A81F5D-9A4B-4B08-A16D-6D661C446016}.Release|Any CPU.ActiveCfg = Release|Any CPU
		{A7A81F5D-9A4B-4B08-A16D-6D661C446016}.Release|Any CPU.Build.0 = Release|Any CPU
		{EF6457DC-7AB5-4D44-AEAE-B9FD10146E97}.Debug|Any CPU.ActiveCfg = Debug|Any CPU
		{EF6457DC-7AB5-4D44-AEAE-B9FD10146E97}.Debug|Any CPU.Build.0 = Debug|Any CPU
		{EF6457DC-7AB5-4D44-AEAE-B9FD10146E97}.Release|Any CPU.ActiveCfg = Release|Any CPU
		{EF6457DC-7AB5-4D44-AEAE-B9FD10146E97}.Release|Any CPU.Build.0 = Release|Any CPU
	EndGlobalSection
	GlobalSection(SolutionProperties) = preSolution
		HideSolutionNode = FALSE
	EndGlobalSection
	GlobalSection(ExtensibilityGlobals) = postSolution
		SolutionGuid = {3F3F8C17-8DBD-4F62-8C95-5031CD17AD4D}
	EndGlobalSection
EndGlobal
